// !$*UTF8*$!
{
	archiveVersion = 1;
	classes = {
	};
	objectVersion = 48;
	objects = {

/* Begin PBXBuildFile section */
		260D8AD31FB9C6CD00E0ABA7 /* AppDelegate.swift in Sources */ = {isa = PBXBuildFile; fileRef = 260D8AD21FB9C6CD00E0ABA7 /* AppDelegate.swift */; };
		260D8AD51FB9C6CD00E0ABA7 /* ViewController.swift in Sources */ = {isa = PBXBuildFile; fileRef = 260D8AD41FB9C6CD00E0ABA7 /* ViewController.swift */; };
		260D8ADA1FB9C6CD00E0ABA7 /* Assets.xcassets in Resources */ = {isa = PBXBuildFile; fileRef = 260D8AD91FB9C6CD00E0ABA7 /* Assets.xcassets */; };
		260D8ADD1FB9C6CD00E0ABA7 /* LaunchScreen.storyboard in Resources */ = {isa = PBXBuildFile; fileRef = 260D8ADB1FB9C6CD00E0ABA7 /* LaunchScreen.storyboard */; };
		26394BEA1FBB79A30017FF71 /* Main.storyboard in Resources */ = {isa = PBXBuildFile; fileRef = 260D8AD61FB9C6CD00E0ABA7 /* Main.storyboard */; };
		26BF841D1FBF1A60004B9280 /* CalculatorManager.swift in Sources */ = {isa = PBXBuildFile; fileRef = 26BF841C1FBF1A60004B9280 /* CalculatorManager.swift */; };
/* End PBXBuildFile section */

/* Begin PBXFileReference section */
		260D8ACF1FB9C6CD00E0ABA7 /* Calculator.app */ = {isa = PBXFileReference; explicitFileType = wrapper.application; includeInIndex = 0; path = Calculator.app; sourceTree = BUILT_PRODUCTS_DIR; };
		260D8AD21FB9C6CD00E0ABA7 /* AppDelegate.swift */ = {isa = PBXFileReference; lastKnownFileType = sourcecode.swift; path = AppDelegate.swift; sourceTree = "<group>"; };
		260D8AD41FB9C6CD00E0ABA7 /* ViewController.swift */ = {isa = PBXFileReference; lastKnownFileType = sourcecode.swift; path = ViewController.swift; sourceTree = "<group>"; };
		260D8AD71FB9C6CD00E0ABA7 /* Base */ = {isa = PBXFileReference; lastKnownFileType = file.storyboard; name = Base; path = Base.lproj/Main.storyboard; sourceTree = "<group>"; };
		260D8AD91FB9C6CD00E0ABA7 /* Assets.xcassets */ = {isa = PBXFileReference; lastKnownFileType = folder.assetcatalog; path = Assets.xcassets; sourceTree = "<group>"; };
		260D8ADC1FB9C6CD00E0ABA7 /* Base */ = {isa = PBXFileReference; lastKnownFileType = file.storyboard; name = Base; path = Base.lproj/LaunchScreen.storyboard; sourceTree = "<group>"; };
		260D8ADE1FB9C6CD00E0ABA7 /* Info.plist */ = {isa = PBXFileReference; lastKnownFileType = text.plist.xml; path = Info.plist; sourceTree = "<group>"; };
		26BF841C1FBF1A60004B9280 /* CalculatorManager.swift */ = {isa = PBXFileReference; lastKnownFileType = sourcecode.swift; path = CalculatorManager.swift; sourceTree = "<group>"; };
/* End PBXFileReference section */

/* Begin PBXFrameworksBuildPhase section */
		260D8ACC1FB9C6CD00E0ABA7 /* Frameworks */ = {
			isa = PBXFrameworksBuildPhase;
			buildActionMask = 2147483647;
			files = (
			);
			runOnlyForDeploymentPostprocessing = 0;
		};
/* End PBXFrameworksBuildPhase section */

/* Begin PBXGroup section */
		260D8AC61FB9C6CD00E0ABA7 = {
			isa = PBXGroup;
			children = (
				260D8AD11FB9C6CD00E0ABA7 /* Calculator */,
				260D8AD01FB9C6CD00E0ABA7 /* Products */,
			);
			sourceTree = "<group>";
		};
		260D8AD01FB9C6CD00E0ABA7 /* Products */ = {
			isa = PBXGroup;
			children = (
				260D8ACF1FB9C6CD00E0ABA7 /* Calculator.app */,
			);
			name = Products;
			sourceTree = "<group>";
		};
		260D8AD11FB9C6CD00E0ABA7 /* Calculator */ = {
			isa = PBXGroup;
			children = (
				26BF841B1FBDFA2A004B9280 /* Suport Files */,
				260D8AD41FB9C6CD00E0ABA7 /* ViewController.swift */,
				260D8AD61FB9C6CD00E0ABA7 /* Main.storyboard */,
				26BF841C1FBF1A60004B9280 /* CalculatorManager.swift */,
			);
			path = Calculator;
			sourceTree = "<group>";
		};
		26BF841B1FBDFA2A004B9280 /* Suport Files */ = {
			isa = PBXGroup;
			children = (
				260D8ADE1FB9C6CD00E0ABA7 /* Info.plist */,
				260D8ADB1FB9C6CD00E0ABA7 /* LaunchScreen.storyboard */,
				260D8AD21FB9C6CD00E0ABA7 /* AppDelegate.swift */,
				260D8AD91FB9C6CD00E0ABA7 /* Assets.xcassets */,
			);
			name = "Suport Files";
			sourceTree = "<group>";
		};
/* End PBXGroup section */

/* Begin PBXNativeTarget section */
		260D8ACE1FB9C6CD00E0ABA7 /* Calculator */ = {
			isa = PBXNativeTarget;
			buildConfigurationList = 260D8AE11FB9C6CD00E0ABA7 /* Build configuration list for PBXNativeTarget "Calculator" */;
			buildPhases = (
				260D8ACB1FB9C6CD00E0ABA7 /* Sources */,
				260D8ACC1FB9C6CD00E0ABA7 /* Frameworks */,
				260D8ACD1FB9C6CD00E0ABA7 /* Resources */,
			);
			buildRules = (
			);
			dependencies = (
			);
			name = Calculator;
			productName = Calculator;
			productReference = 260D8ACF1FB9C6CD00E0ABA7 /* Calculator.app */;
			productType = "com.apple.product-type.application";
		};
/* End PBXNativeTarget section */

/* Begin PBXProject section */
		260D8AC71FB9C6CD00E0ABA7 /* Project object */ = {
			isa = PBXProject;
			attributes = {
				LastSwiftUpdateCheck = 0910;
				LastUpgradeCheck = 0910;
				ORGANIZATIONNAME = CINQ;
				TargetAttributes = {
					260D8ACE1FB9C6CD00E0ABA7 = {
						CreatedOnToolsVersion = 9.1;
						ProvisioningStyle = Automatic;
					};
				};
			};
			buildConfigurationList = 260D8ACA1FB9C6CD00E0ABA7 /* Build configuration list for PBXProject "Calculator" */;
			compatibilityVersion = "Xcode 8.0";
			developmentRegion = en;
			hasScannedForEncodings = 0;
			knownRegions = (
				en,
				Base,
			);
			mainGroup = 260D8AC61FB9C6CD00E0ABA7;
			productRefGroup = 260D8AD01FB9C6CD00E0ABA7 /* Products */;
			projectDirPath = "";
			projectRoot = "";
			targets = (
				260D8ACE1FB9C6CD00E0ABA7 /* Calculator */,
			);
		};
/* End PBXProject section */

/* Begin PBXResourcesBuildPhase section */
		260D8ACD1FB9C6CD00E0ABA7 /* Resources */ = {
			isa = PBXResourcesBuildPhase;
			buildActionMask = 2147483647;
			files = (
				26394BEA1FBB79A30017FF71 /* Main.storyboard in Resources */,
				260D8ADD1FB9C6CD00E0ABA7 /* LaunchScreen.storyboard in Resources */,
				260D8ADA1FB9C6CD00E0ABA7 /* Assets.xcassets in Resources */,
			);
			runOnlyForDeploymentPostprocessing = 0;
		};
/* End PBXResourcesBuildPhase section */

/* Begin PBXSourcesBuildPhase section */
		260D8ACB1FB9C6CD00E0ABA7 /* Sources */ = {
			isa = PBXSourcesBuildPhase;
			buildActionMask = 2147483647;
			files = (
				260D8AD51FB9C6CD00E0ABA7 /* ViewController.swift in Sources */,
				26BF841D1FBF1A60004B9280 /* CalculatorManager.swift in Sources */,
				260D8AD31FB9C6CD00E0ABA7 /* AppDelegate.swift in Sources */,
			);
			runOnlyForDeploymentPostprocessing = 0;
		};
/* End PBXSourcesBuildPhase section */

/* Begin PBXVariantGroup section */
		260D8AD61FB9C6CD00E0ABA7 /* Main.storyboard */ = {
			isa = PBXVariantGroup;
			children = (
				260D8AD71FB9C6CD00E0ABA7 /* Base */,
			);
			name = Main.storyboard;
			sourceTree = "<group>";
		};
		260D8ADB1FB9C6CD00E0ABA7 /* LaunchScreen.storyboard */ = {
			isa = PBXVariantGroup;
			children = (
				260D8ADC1FB9C6CD00E0ABA7 /* Base */,
			);
			name = LaunchScreen.storyboard;
			sourceTree = "<group>";
		};
/* End PBXVariantGroup section */

/* Begin XCBuildConfiguration section */
		260D8ADF1FB9C6CD00E0ABA7 /* Debug */ = {
			isa = XCBuildConfiguration;
			buildSettings = {
				ALWAYS_SEARCH_USER_PATHS = NO;
				CLANG_ANALYZER_NONNULL = YES;
				CLANG_ANALYZER_NUMBER_OBJECT_CONVERSION = YES_AGGRESSIVE;
				CLANG_CXX_LANGUAGE_STANDARD = "gnu++14";
				CLANG_CXX_LIBRARY = "libc++";
				CLANG_ENABLE_MODULES = YES;
				CLANG_ENABLE_OBJC_ARC = YES;
				CLANG_WARN_BLOCK_CAPTURE_AUTORELEASING = YES;
				CLANG_WARN_BOOL_CONVERSION = YES;
				CLANG_WARN_COMMA = YES;
				CLANG_WARN_CONSTANT_CONVERSION = YES;
				CLANG_WARN_DIRECT_OBJC_ISA_USAGE = YES_ERROR;
				CLANG_WARN_DOCUMENTATION_COMMENTS = YES;
				CLANG_WARN_EMPTY_BODY = YES;
				CLANG_WARN_ENUM_CONVERSION = YES;
				CLANG_WARN_INFINITE_RECURSION = YES;
				CLANG_WARN_INT_CONVERSION = YES;
				CLANG_WARN_NON_LITERAL_NULL_CONVERSION = YES;
				CLANG_WARN_OBJC_LITERAL_CONVERSION = YES;
				CLANG_WARN_OBJC_ROOT_CLASS = YES_ERROR;
				CLANG_WARN_RANGE_LOOP_ANALYSIS = YES;
				CLANG_WARN_STRICT_PROTOTYPES = YES;
				CLANG_WARN_SUSPICIOUS_MOVE = YES;
				CLANG_WARN_UNGUARDED_AVAILABILITY = YES_AGGRESSIVE;
				CLANG_WARN_UNREACHABLE_CODE = YES;
				CLANG_WARN__DUPLICATE_METHOD_MATCH = YES;
				CODE_SIGN_IDENTITY = "iPhone Developer";
				COPY_PHASE_STRIP = NO;
				DEBUG_INFORMATION_FORMAT = dwarf;
				ENABLE_STRICT_OBJC_MSGSEND = YES;
				ENABLE_TESTABILITY = YES;
				GCC_C_LANGUAGE_STANDARD = gnu11;
				GCC_DYNAMIC_NO_PIC = NO;
				GCC_NO_COMMON_BLOCKS = YES;
				GCC_OPTIMIZATION_LEVEL = 0;
				GCC_PREPROCESSOR_DEFINITIONS = (
					"DEBUG=1",
					"$(inherited)",
				);
				GCC_WARN_64_TO_32_BIT_CONVERSION = YES;
				GCC_WARN_ABOUT_RETURN_TYPE = YES_ERROR;
				GCC_WARN_UNDECLARED_SELECTOR = YES;
				GCC_WARN_UNINITIALIZED_AUTOS = YES_AGGRESSIVE;
				GCC_WARN_UNUSED_FUNCTION = YES;
				GCC_WARN_UNUSED_VARIABLE = YES;
				IPHONEOS_DEPLOYMENT_TARGET = 11.1;
				MTL_ENABLE_DEBUG_INFO = YES;
				ONLY_ACTIVE_ARCH = YES;
				SDKROOT = iphoneos;
				SWIFT_ACTIVE_COMPILATION_CONDITIONS = DEBUG;
				SWIFT_OPTIMIZATION_LEVEL = "-Onone";
			};
			name = Debug;
		};
		260D8AE01FB9C6CD00E0ABA7 /* Release */ = {
			isa = XCBuildConfiguration;
			buildSettings = {
				ALWAYS_SEARCH_USER_PATHS = NO;
				CLANG_ANALYZER_NONNULL = YES;
				CLANG_ANALYZER_NUMBER_OBJECT_CONVERSION = YES_AGGRESSIVE;
				CLANG_CXX_LANGUAGE_STANDARD = "gnu++14";
				CLANG_CXX_LIBRARY = "libc++";
				CLANG_ENABLE_MODULES = YES;
				CLANG_ENABLE_OBJC_ARC = YES;
				CLANG_WARN_BLOCK_CAPTURE_AUTORELEASING = YES;
				CLANG_WARN_BOOL_CONVERSION = YES;
				CLANG_WARN_COMMA = YES;
				CLANG_WARN_CONSTANT_CONVERSION = YES;
				CLANG_WARN_DIRECT_OBJC_ISA_USAGE = YES_ERROR;
				CLANG_WARN_DOCUMENTATION_COMMENTS = YES;
				CLANG_WARN_EMPTY_BODY = YES;
				CLANG_WARN_ENUM_CONVERSION = YES;
				CLANG_WARN_INFINITE_RECURSION = YES;
				CLANG_WARN_INT_CONVERSION = YES;
				CLANG_WARN_NON_LITERAL_NULL_CONVERSION = YES;
				CLANG_WARN_OBJC_LITERAL_CONVERSION = YES;
				CLANG_WARN_OBJC_ROOT_CLASS = YES_ERROR;
				CLANG_WARN_RANGE_LOOP_ANALYSIS = YES;
				CLANG_WARN_STRICT_PROTOTYPES = YES;
				CLANG_WARN_SUSPICIOUS_MOVE = YES;
				CLANG_WARN_UNGUARDED_AVAILABILITY = YES_AGGRESSIVE;
				CLANG_WARN_UNREACHABLE_CODE = YES;
				CLANG_WARN__DUPLICATE_METHOD_MATCH = YES;
				CODE_SIGN_IDENTITY = "iPhone Developer";
				COPY_PHASE_STRIP = NO;
				DEBUG_INFORMATION_FORMAT = "dwarf-with-dsym";
				ENABLE_NS_ASSERTIONS = NO;
				ENABLE_STRICT_OBJC_MSGSEND = YES;
				GCC_C_LANGUAGE_STANDARD = gnu11;
				GCC_NO_COMMON_BLOCKS = YES;
				GCC_WARN_64_TO_32_BIT_CONVERSION = YES;
				GCC_WARN_ABOUT_RETURN_TYPE = YES_ERROR;
				GCC_WARN_UNDECLARED_SELECTOR = YES;
				GCC_WARN_UNINITIALIZED_AUTOS = YES_AGGRESSIVE;
				GCC_WARN_UNUSED_FUNCTION = YES;
				GCC_WARN_UNUSED_VARIABLE = YES;
				IPHONEOS_DEPLOYMENT_TARGET = 11.1;
				MTL_ENABLE_DEBUG_INFO = NO;
				SDKROOT = iphoneos;
				SWIFT_OPTIMIZATION_LEVEL = "-Owholemodule";
				VALIDATE_PRODUCT = YES;
			};
			name = Release;
		};
		260D8AE21FB9C6CD00E0ABA7 /* Debug */ = {
			isa = XCBuildConfiguration;
			buildSettings = {
				ASSETCATALOG_COMPILER_APPICON_NAME = AppIcon;
				CODE_SIGN_STYLE = Automatic;
				DEVELOPMENT_TEAM = 4588TAK2RM;
				INFOPLIST_FILE = Calculator/Info.plist;
				LD_RUNPATH_SEARCH_PATHS = "$(inherited) @executable_path/Frameworks";
				PRODUCT_BUNDLE_IDENTIFIER = com.cinq.Calculator;
				PRODUCT_NAME = "$(TARGET_NAME)";
				SWIFT_VERSION = 4.0;
				TARGETED_DEVICE_FAMILY = "1,2";
			};
			name = Debug;
		};
		260D8AE31FB9C6CD00E0ABA7 /* Release */ = {
			isa = XCBuildConfiguration;
			buildSettings = {
				ASSETCATALOG_COMPILER_APPICON_NAME = AppIcon;
				CODE_SIGN_STYLE = Automatic;
				DEVELOPMENT_TEAM = 4588TAK2RM;
				INFOPLIST_FILE = Calculator/Info.plist;
				LD_RUNPATH_SEARCH_PATHS = "$(inherited) @executable_path/Frameworks";
				PRODUCT_BUNDLE_IDENTIFIER = com.cinq.Calculator;
				PRODUCT_NAME = "$(TARGET_NAME)";
				SWIFT_VERSION = 4.0;
				TARGETED_DEVICE_FAMILY = "1,2";
			};
			name = Release;
		};
/* End XCBuildConfiguration section */

/* Begin XCConfigurationList section */
		260D8ACA1FB9C6CD00E0ABA7 /* Build configuration list for PBXProject "Calculator" */ = {
			isa = XCConfigurationList;
			buildConfigurations = (
				260D8ADF1FB9C6CD00E0ABA7 /* Debug */,
				260D8AE01FB9C6CD00E0ABA7 /* Release */,
			);
			defaultConfigurationIsVisible = 0;
			defaultConfigurationName = Release;
		};
		260D8AE11FB9C6CD00E0ABA7 /* Build configuration list for PBXNativeTarget "Calculator" */ = {
			isa = XCConfigurationList;
			buildConfigurations = (
				260D8AE21FB9C6CD00E0ABA7 /* Debug */,
				260D8AE31FB9C6CD00E0ABA7 /* Release */,
			);
			defaultConfigurationIsVisible = 0;
			defaultConfigurationName = Release;
		};
/* End XCConfigurationList section */
	};
	rootObject = 260D8AC71FB9C6CD00E0ABA7 /* Project object */;
}
